
Microsoft Visual Studio Solution File, Format Version 12.00
# Visual Studio 14
VisualStudioVersion = 14.0.23107.0
MinimumVisualStudioVersion = 10.0.40219.1
Project("{FAE04EC0-301F-11D3-BF4B-00C04F79EFBC}") = "JSHackathon_QA", "JSHackathon_QA\JSHackathon_QA.csproj", "{AAE0B636-9DD7-4B95-98D0-5217390FB973}"
EndProject
Project("{FAE04EC0-301F-11D3-BF4B-00C04F79EFBC}") = "QAAPI", "QAAPI\QAAPI.csproj", "{F5DA1611-C8EC-4640-BD2F-3122E28E26F1}"
EndProject
Global
	GlobalSection(SolutionConfigurationPlatforms) = preSolution
		Debug|Any CPU = Debug|Any CPU
		Release|Any CPU = Release|Any CPU
	EndGlobalSection
	GlobalSection(ProjectConfigurationPlatforms) = postSolution
		{AAE0B636-9DD7-4B95-98D0-5217390FB973}.Debug|Any CPU.ActiveCfg = Debug|Any CPU
		{AAE0B636-9DD7-4B95-98D0-5217390FB973}.Debug|Any CPU.Build.0 = Debug|Any CPU
		{AAE0B636-9DD7-4B95-98D0-5217390FB973}.Release|Any CPU.ActiveCfg = Release|Any CPU
		{AAE0B636-9DD7-4B95-98D0-5217390FB973}.Release|Any CPU.Build.0 = Release|Any CPU
		{F5DA1611-C8EC-4640-BD2F-3122E28E26F1}.Debug|Any CPU.ActiveCfg = Debug|Any CPU
		{F5DA1611-C8EC-4640-BD2F-3122E28E26F1}.Debug|Any CPU.Build.0 = Debug|Any CPU
		{F5DA1611-C8EC-4640-BD2F-3122E28E26F1}.Release|Any CPU.ActiveCfg = Release|Any CPU
		{F5DA1611-C8EC-4640-BD2F-3122E28E26F1}.Release|Any CPU.Build.0 = Release|Any CPU
	EndGlobalSection
	GlobalSection(SolutionProperties) = preSolution
		HideSolutionNode = FALSE
	EndGlobalSection
EndGlobal
